{
  "pins" : [
    {
      "identity" : "swiftarcstdlib",
      "kind" : "remoteSourceControl",
      "location" : "git@github.com:realityworks/swiftarcstdlib.git",
      "state" : {
        "revision" : "6f0eeb4ce911bfacd26434001fbb2b4f167e5b8b",
        "version" : "1.0.4"
      }
    }
  ],
  "version" : 2
}
